# This file is automatically @generated by Cargo.
# It is not intended for manual editing.
[[package]]
name = "ftl"
version = "0.1.0"
dependencies = [
 "libc 0.2.78 (registry+https://github.com/rust-lang/crates.io-index)",
]

[[package]]
name = "libc"
version = "0.2.78"
source = "registry+https://github.com/rust-lang/crates.io-index"

[[package]]
name = "xtask"
version = "0.1.0"

[metadata]
"checksum libc 0.2.78 (registry+https://github.com/rust-lang/crates.io-index)" = "aa7087f49d294270db4e1928fc110c976cd4b9e5a16348e0a1df09afa99e6c98"
